
Microsoft Visual Studio Solution File, Format Version 12.00
# Visual Studio Version 17
VisualStudioVersion = 17.0.31903.59
MinimumVisualStudioVersion = 10.0.40219.1
Project("{FAE04EC0-301F-11D3-BF4B-00C04F79EFBC}") = "JuiceGym.Core", "JuiceGym.Core\JuiceGym.Core.csproj", "{75B9143D-9BC8-4592-9B5D-ED0BBAF6F356}"
EndProject
Project("{FAE04EC0-301F-11D3-BF4B-00C04F79EFBC}") = "JuiceGym.Data", "JuiceGym.Data\JuiceGym.Data.csproj", "{B804591F-A97F-416C-85E4-2E5D0010B286}"
EndProject
Project("{FAE04EC0-301F-11D3-BF4B-00C04F79EFBC}") = "JuiceGym.Training", "JuiceGym.Training\JuiceGym.Training.csproj", "{80353DD6-95C5-4580-8BCF-CF01B6740FE1}"
EndProject
Project("{FAE04EC0-301F-11D3-BF4B-00C04F79EFBC}") = "JuiceGym.UI", "JuiceGym.UI\JuiceGym.UI.csproj", "{6F082F14-F3F4-48FE-A60F-4B45373E68BA}"
EndProject
Global
	GlobalSection(SolutionConfigurationPlatforms) = preSolution
		Debug|Any CPU = Debug|Any CPU
		Debug|x64 = Debug|x64
		Debug|x86 = Debug|x86
		Release|Any CPU = Release|Any CPU
		Release|x64 = Release|x64
		Release|x86 = Release|x86
	EndGlobalSection
	GlobalSection(ProjectConfigurationPlatforms) = postSolution
		{75B9143D-9BC8-4592-9B5D-ED0BBAF6F356}.Debug|Any CPU.ActiveCfg = Debug|Any CPU
		{75B9143D-9BC8-4592-9B5D-ED0BBAF6F356}.Debug|Any CPU.Build.0 = Debug|Any CPU
		{75B9143D-9BC8-4592-9B5D-ED0BBAF6F356}.Debug|x64.ActiveCfg = Debug|Any CPU
		{75B9143D-9BC8-4592-9B5D-ED0BBAF6F356}.Debug|x64.Build.0 = Debug|Any CPU
		{75B9143D-9BC8-4592-9B5D-ED0BBAF6F356}.Debug|x86.ActiveCfg = Debug|Any CPU
		{75B9143D-9BC8-4592-9B5D-ED0BBAF6F356}.Debug|x86.Build.0 = Debug|Any CPU
		{75B9143D-9BC8-4592-9B5D-ED0BBAF6F356}.Release|Any CPU.ActiveCfg = Release|Any CPU
		{75B9143D-9BC8-4592-9B5D-ED0BBAF6F356}.Release|Any CPU.Build.0 = Release|Any CPU
		{75B9143D-9BC8-4592-9B5D-ED0BBAF6F356}.Release|x64.ActiveCfg = Release|Any CPU
		{75B9143D-9BC8-4592-9B5D-ED0BBAF6F356}.Release|x64.Build.0 = Release|Any CPU
		{75B9143D-9BC8-4592-9B5D-ED0BBAF6F356}.Release|x86.ActiveCfg = Release|Any CPU
		{75B9143D-9BC8-4592-9B5D-ED0BBAF6F356}.Release|x86.Build.0 = Release|Any CPU
		{B804591F-A97F-416C-85E4-2E5D0010B286}.Debug|Any CPU.ActiveCfg = Debug|Any CPU
		{B804591F-A97F-416C-85E4-2E5D0010B286}.Debug|Any CPU.Build.0 = Debug|Any CPU
		{B804591F-A97F-416C-85E4-2E5D0010B286}.Debug|x64.ActiveCfg = Debug|Any CPU
		{B804591F-A97F-416C-85E4-2E5D0010B286}.Debug|x64.Build.0 = Debug|Any CPU
		{B804591F-A97F-416C-85E4-2E5D0010B286}.Debug|x86.ActiveCfg = Debug|Any CPU
		{B804591F-A97F-416C-85E4-2E5D0010B286}.Debug|x86.Build.0 = Debug|Any CPU
		{B804591F-A97F-416C-85E4-2E5D0010B286}.Release|Any CPU.ActiveCfg = Release|Any CPU
		{B804591F-A97F-416C-85E4-2E5D0010B286}.Release|Any CPU.Build.0 = Release|Any CPU
		{B804591F-A97F-416C-85E4-2E5D0010B286}.Release|x64.ActiveCfg = Release|Any CPU
		{B804591F-A97F-416C-85E4-2E5D0010B286}.Release|x64.Build.0 = Release|Any CPU
		{B804591F-A97F-416C-85E4-2E5D0010B286}.Release|x86.ActiveCfg = Release|Any CPU
		{B804591F-A97F-416C-85E4-2E5D0010B286}.Release|x86.Build.0 = Release|Any CPU
		{80353DD6-95C5-4580-8BCF-CF01B6740FE1}.Debug|Any CPU.ActiveCfg = Debug|Any CPU
		{80353DD6-95C5-4580-8BCF-CF01B6740FE1}.Debug|Any CPU.Build.0 = Debug|Any CPU
		{80353DD6-95C5-4580-8BCF-CF01B6740FE1}.Debug|x64.ActiveCfg = Debug|Any CPU
		{80353DD6-95C5-4580-8BCF-CF01B6740FE1}.Debug|x64.Build.0 = Debug|Any CPU
		{80353DD6-95C5-4580-8BCF-CF01B6740FE1}.Debug|x86.ActiveCfg = Debug|Any CPU
		{80353DD6-95C5-4580-8BCF-CF01B6740FE1}.Debug|x86.Build.0 = Debug|Any CPU
		{80353DD6-95C5-4580-8BCF-CF01B6740FE1}.Release|Any CPU.ActiveCfg = Release|Any CPU
		{80353DD6-95C5-4580-8BCF-CF01B6740FE1}.Release|Any CPU.Build.0 = Release|Any CPU
		{80353DD6-95C5-4580-8BCF-CF01B6740FE1}.Release|x64.ActiveCfg = Release|Any CPU
		{80353DD6-95C5-4580-8BCF-CF01B6740FE1}.Release|x64.Build.0 = Release|Any CPU
		{80353DD6-95C5-4580-8BCF-CF01B6740FE1}.Release|x86.ActiveCfg = Release|Any CPU
		{80353DD6-95C5-4580-8BCF-CF01B6740FE1}.Release|x86.Build.0 = Release|Any CPU
		{6F082F14-F3F4-48FE-A60F-4B45373E68BA}.Debug|Any CPU.ActiveCfg = Debug|Any CPU
		{6F082F14-F3F4-48FE-A60F-4B45373E68BA}.Debug|Any CPU.Build.0 = Debug|Any CPU
		{6F082F14-F3F4-48FE-A60F-4B45373E68BA}.Debug|x64.ActiveCfg = Debug|Any CPU
		{6F082F14-F3F4-48FE-A60F-4B45373E68BA}.Debug|x64.Build.0 = Debug|Any CPU
		{6F082F14-F3F4-48FE-A60F-4B45373E68BA}.Debug|x86.ActiveCfg = Debug|Any CPU
		{6F082F14-F3F4-48FE-A60F-4B45373E68BA}.Debug|x86.Build.0 = Debug|Any CPU
		{6F082F14-F3F4-48FE-A60F-4B45373E68BA}.Release|Any CPU.ActiveCfg = Release|Any CPU
		{6F082F14-F3F4-48FE-A60F-4B45373E68BA}.Release|Any CPU.Build.0 = Release|Any CPU
		{6F082F14-F3F4-48FE-A60F-4B45373E68BA}.Release|x64.ActiveCfg = Release|Any CPU
		{6F082F14-F3F4-48FE-A60F-4B45373E68BA}.Release|x64.Build.0 = Release|Any CPU
		{6F082F14-F3F4-48FE-A60F-4B45373E68BA}.Release|x86.ActiveCfg = Release|Any CPU
		{6F082F14-F3F4-48FE-A60F-4B45373E68BA}.Release|x86.Build.0 = Release|Any CPU
	EndGlobalSection
	GlobalSection(SolutionProperties) = preSolution
		HideSolutionNode = FALSE
	EndGlobalSection
EndGlobal
